
Microsoft Visual Studio Solution File, Format Version 12.00
# Visual Studio 2012
Project("{FAE04EC0-301F-11D3-BF4B-00C04F79EFBC}") = "PerformanceDsl", "PerformanceDsl\PerformanceDsl.csproj", "{AE1A50D3-C1E4-4325-A647-478BCDFBCE88}"
EndProject
Project("{2150E333-8FDC-42A3-9474-1A3956D46DE8}") = ".nuget", ".nuget", "{1F704040-135B-4BA2-AA8E-E3C07949F7C2}"
	ProjectSection(SolutionItems) = preProject
		.nuget\NuGet.Config = .nuget\NuGet.Config
		.nuget\NuGet.exe = .nuget\NuGet.exe
		.nuget\NuGet.targets = .nuget\NuGet.targets
	EndProjectSection
EndProject
Project("{FAE04EC0-301F-11D3-BF4B-00C04F79EFBC}") = "PerformanceDsl.Tests", "..\PerformanceDsl.Tests\PerformanceDsl.Tests\PerformanceDsl.Tests.csproj", "{62BC1F9E-36E2-45B5-AF46-E329DBC091B9}"
EndProject
Project("{FAE04EC0-301F-11D3-BF4B-00C04F79EFBC}") = "PerformanceDsl.TDD", "..\PerformanceDsl.TDD\PerformanceDsl.TDD\PerformanceDsl.TDD.csproj", "{BAD21CFE-6BDF-4AE2-B87C-7B3BBC027AC4}"
EndProject
Project("{FAE04EC0-301F-11D3-BF4B-00C04F79EFBC}") = "TestResultsStore.Tests", "TestResultsStore.Tests\TestResultsStore.Tests.csproj", "{547FE221-FC7B-4DB8-BB81-0546E0DC3D12}"
EndProject
Project("{FAE04EC0-301F-11D3-BF4B-00C04F79EFBC}") = "Agent", "Agent\Agent.csproj", "{D2C26F1C-ADD4-4DDA-93AF-F3D9FC7C762E}"
EndProject
Project("{FAE04EC0-301F-11D3-BF4B-00C04F79EFBC}") = "Server", "Server\Server.csproj", "{72E9B236-2715-4B76-9C70-D8757E110B77}"
EndProject
Project("{FAE04EC0-301F-11D3-BF4B-00C04F79EFBC}") = "TestResultsStore", "TestResultsStore\TestResultsStore.csproj", "{CCEF23F3-6701-4E0E-9D2C-DF07F96732F1}"
EndProject
Project("{FAE04EC0-301F-11D3-BF4B-00C04F79EFBC}") = "FirstOneTo.Authentication.Service", "..\FirstOneTo.Authentication.Service\FirstOneTo.Authentication.Service.csproj", "{3F8DE726-720C-49E2-843D-5155A89F4EC0}"
EndProject
Project("{FAE04EC0-301F-11D3-BF4B-00C04F79EFBC}") = "FirstOneTo.Authentication.Service.Tests", "..\FirstOneTo.Authentication.Service.Tests\FirstOneTo.Authentication.Service.Tests.csproj", "{09099565-1050-4E99-85A9-0730EDDC7161}"
EndProject
Project("{FAE04EC0-301F-11D3-BF4B-00C04F79EFBC}") = "FirstOneTo.Authentication", "..\FirstOneTo.Domain.Authentication\FirstOneTo.Authentication.csproj", "{8E49964C-7781-4ABF-AFC4-B2CEFE7BA63C}"
EndProject
Project("{FAE04EC0-301F-11D3-BF4B-00C04F79EFBC}") = "FirstOneTo.ReadModel.Infrastructure", "..\FirstOneTo.ReadModel.Infrastructure\FirstOneTo.ReadModel.Infrastructure.csproj", "{F6C6D26D-AF52-42BD-B719-F6DA5B78940E}"
EndProject
Project("{FAE04EC0-301F-11D3-BF4B-00C04F79EFBC}") = "FirstOneTo.ReadModel.Infrastructure.Tests", "..\FirstOneTo.ReadModel.Infrastructure.Tests\FirstOneTo.ReadModel.Infrastructure.Tests.csproj", "{0683A3B9-72E4-4E21-8417-998DAE6B6D8B}"
EndProject
Global
	GlobalSection(SolutionConfigurationPlatforms) = preSolution
		Debug|Any CPU = Debug|Any CPU
		Release|Any CPU = Release|Any CPU
	EndGlobalSection
	GlobalSection(ProjectConfigurationPlatforms) = postSolution
		{AE1A50D3-C1E4-4325-A647-478BCDFBCE88}.Debug|Any CPU.ActiveCfg = Debug|Any CPU
		{AE1A50D3-C1E4-4325-A647-478BCDFBCE88}.Debug|Any CPU.Build.0 = Debug|Any CPU
		{AE1A50D3-C1E4-4325-A647-478BCDFBCE88}.Release|Any CPU.ActiveCfg = Release|Any CPU
		{AE1A50D3-C1E4-4325-A647-478BCDFBCE88}.Release|Any CPU.Build.0 = Release|Any CPU
		{62BC1F9E-36E2-45B5-AF46-E329DBC091B9}.Debug|Any CPU.ActiveCfg = Debug|Any CPU
		{62BC1F9E-36E2-45B5-AF46-E329DBC091B9}.Debug|Any CPU.Build.0 = Debug|Any CPU
		{62BC1F9E-36E2-45B5-AF46-E329DBC091B9}.Release|Any CPU.ActiveCfg = Release|Any CPU
		{62BC1F9E-36E2-45B5-AF46-E329DBC091B9}.Release|Any CPU.Build.0 = Release|Any CPU
		{BAD21CFE-6BDF-4AE2-B87C-7B3BBC027AC4}.Debug|Any CPU.ActiveCfg = Debug|Any CPU
		{BAD21CFE-6BDF-4AE2-B87C-7B3BBC027AC4}.Debug|Any CPU.Build.0 = Debug|Any CPU
		{BAD21CFE-6BDF-4AE2-B87C-7B3BBC027AC4}.Release|Any CPU.ActiveCfg = Release|Any CPU
		{BAD21CFE-6BDF-4AE2-B87C-7B3BBC027AC4}.Release|Any CPU.Build.0 = Release|Any CPU
		{547FE221-FC7B-4DB8-BB81-0546E0DC3D12}.Debug|Any CPU.ActiveCfg = Debug|Any CPU
		{547FE221-FC7B-4DB8-BB81-0546E0DC3D12}.Debug|Any CPU.Build.0 = Debug|Any CPU
		{547FE221-FC7B-4DB8-BB81-0546E0DC3D12}.Release|Any CPU.ActiveCfg = Release|Any CPU
		{547FE221-FC7B-4DB8-BB81-0546E0DC3D12}.Release|Any CPU.Build.0 = Release|Any CPU
		{D2C26F1C-ADD4-4DDA-93AF-F3D9FC7C762E}.Debug|Any CPU.ActiveCfg = Debug|Any CPU
		{D2C26F1C-ADD4-4DDA-93AF-F3D9FC7C762E}.Debug|Any CPU.Build.0 = Debug|Any CPU
		{D2C26F1C-ADD4-4DDA-93AF-F3D9FC7C762E}.Release|Any CPU.ActiveCfg = Release|Any CPU
		{D2C26F1C-ADD4-4DDA-93AF-F3D9FC7C762E}.Release|Any CPU.Build.0 = Release|Any CPU
		{72E9B236-2715-4B76-9C70-D8757E110B77}.Debug|Any CPU.ActiveCfg = Debug|Any CPU
		{72E9B236-2715-4B76-9C70-D8757E110B77}.Debug|Any CPU.Build.0 = Debug|Any CPU
		{72E9B236-2715-4B76-9C70-D8757E110B77}.Release|Any CPU.ActiveCfg = Release|Any CPU
		{72E9B236-2715-4B76-9C70-D8757E110B77}.Release|Any CPU.Build.0 = Release|Any CPU
		{CCEF23F3-6701-4E0E-9D2C-DF07F96732F1}.Debug|Any CPU.ActiveCfg = Debug|Any CPU
		{CCEF23F3-6701-4E0E-9D2C-DF07F96732F1}.Debug|Any CPU.Build.0 = Debug|Any CPU
		{CCEF23F3-6701-4E0E-9D2C-DF07F96732F1}.Release|Any CPU.ActiveCfg = Release|Any CPU
		{CCEF23F3-6701-4E0E-9D2C-DF07F96732F1}.Release|Any CPU.Build.0 = Release|Any CPU
		{3F8DE726-720C-49E2-843D-5155A89F4EC0}.Debug|Any CPU.ActiveCfg = Debug|Any CPU
		{3F8DE726-720C-49E2-843D-5155A89F4EC0}.Debug|Any CPU.Build.0 = Debug|Any CPU
		{3F8DE726-720C-49E2-843D-5155A89F4EC0}.Release|Any CPU.ActiveCfg = Release|Any CPU
		{3F8DE726-720C-49E2-843D-5155A89F4EC0}.Release|Any CPU.Build.0 = Release|Any CPU
		{09099565-1050-4E99-85A9-0730EDDC7161}.Debug|Any CPU.ActiveCfg = Debug|Any CPU
		{09099565-1050-4E99-85A9-0730EDDC7161}.Debug|Any CPU.Build.0 = Debug|Any CPU
		{09099565-1050-4E99-85A9-0730EDDC7161}.Release|Any CPU.ActiveCfg = Release|Any CPU
		{09099565-1050-4E99-85A9-0730EDDC7161}.Release|Any CPU.Build.0 = Release|Any CPU
		{8E49964C-7781-4ABF-AFC4-B2CEFE7BA63C}.Debug|Any CPU.ActiveCfg = Debug|Any CPU
		{8E49964C-7781-4ABF-AFC4-B2CEFE7BA63C}.Debug|Any CPU.Build.0 = Debug|Any CPU
		{8E49964C-7781-4ABF-AFC4-B2CEFE7BA63C}.Release|Any CPU.ActiveCfg = Release|Any CPU
		{8E49964C-7781-4ABF-AFC4-B2CEFE7BA63C}.Release|Any CPU.Build.0 = Release|Any CPU
		{F6C6D26D-AF52-42BD-B719-F6DA5B78940E}.Debug|Any CPU.ActiveCfg = Debug|Any CPU
		{F6C6D26D-AF52-42BD-B719-F6DA5B78940E}.Debug|Any CPU.Build.0 = Debug|Any CPU
		{F6C6D26D-AF52-42BD-B719-F6DA5B78940E}.Release|Any CPU.ActiveCfg = Release|Any CPU
		{F6C6D26D-AF52-42BD-B719-F6DA5B78940E}.Release|Any CPU.Build.0 = Release|Any CPU
		{0683A3B9-72E4-4E21-8417-998DAE6B6D8B}.Debug|Any CPU.ActiveCfg = Debug|Any CPU
		{0683A3B9-72E4-4E21-8417-998DAE6B6D8B}.Debug|Any CPU.Build.0 = Debug|Any CPU
		{0683A3B9-72E4-4E21-8417-998DAE6B6D8B}.Release|Any CPU.ActiveCfg = Release|Any CPU
		{0683A3B9-72E4-4E21-8417-998DAE6B6D8B}.Release|Any CPU.Build.0 = Release|Any CPU
	EndGlobalSection
	GlobalSection(SolutionProperties) = preSolution
		HideSolutionNode = FALSE
	EndGlobalSection
EndGlobal
