
Microsoft Visual Studio Solution File, Format Version 12.00
# Visual Studio 2012
Project("{FAE04EC0-301F-11D3-BF4B-00C04F79EFBC}") = "PerformanceDsl", "PerformanceDsl\PerformanceDsl.csproj", "{AE1A50D3-C1E4-4325-A647-478BCDFBCE88}"
EndProject
Project("{2150E333-8FDC-42A3-9474-1A3956D46DE8}") = ".nuget", ".nuget", "{1F704040-135B-4BA2-AA8E-E3C07949F7C2}"
	ProjectSection(SolutionItems) = preProject
		.nuget\NuGet.Config = .nuget\NuGet.Config
		.nuget\NuGet.exe = .nuget\NuGet.exe
		.nuget\NuGet.targets = .nuget\NuGet.targets
	EndProjectSection
EndProject
Project("{FAE04EC0-301F-11D3-BF4B-00C04F79EFBC}") = "TestMvCApp", "..\TestMvCApp\TestMvCApp\TestMvCApp.csproj", "{D363B7B6-C262-4146-B0ED-F01E9C650F8C}"
EndProject
Project("{FAE04EC0-301F-11D3-BF4B-00C04F79EFBC}") = "TestWebFormsApp", "..\TestWebFormsApp\TestWebFormsApp\TestWebFormsApp.csproj", "{82C9DF98-D8B6-4941-8396-22B6527042F3}"
EndProject
Project("{FAE04EC0-301F-11D3-BF4B-00C04F79EFBC}") = "TestRunner", "..\TestRunner\TestRunner\TestRunner.csproj", "{86CE2D81-B67D-49C9-A36B-F9F851BB4112}"
EndProject
Project("{FAE04EC0-301F-11D3-BF4B-00C04F79EFBC}") = "PerformanceDsl.Tests", "..\PerformanceDsl.Tests\PerformanceDsl.Tests\PerformanceDsl.Tests.csproj", "{62BC1F9E-36E2-45B5-AF46-E329DBC091B9}"
EndProject
Project("{FAE04EC0-301F-11D3-BF4B-00C04F79EFBC}") = "PerformanceDsl.TDD", "..\PerformanceDsl.TDD\PerformanceDsl.TDD\PerformanceDsl.TDD.csproj", "{BAD21CFE-6BDF-4AE2-B87C-7B3BBC027AC4}"
EndProject
Project("{FAE04EC0-301F-11D3-BF4B-00C04F79EFBC}") = "TestResultsStore", "TestResultsStore\TestResultsStore.csproj", "{C6F56FC9-1E50-4EDC-B89B-2BCEAC3791D4}"
EndProject
Project("{FAE04EC0-301F-11D3-BF4B-00C04F79EFBC}") = "TestResultsStore.Tests", "TestResultsStore.Tests\TestResultsStore.Tests.csproj", "{547FE221-FC7B-4DB8-BB81-0546E0DC3D12}"
EndProject
Project("{00D1A9C2-B5F0-4AF3-8072-F6C62B433612}") = "TestResultStoreDb", "TestResultStoreDb\TestResultStoreDb.sqlproj", "{9CD21514-F5D5-4C34-A77C-2B67DE5F43B6}"
EndProject
Project("{FAE04EC0-301F-11D3-BF4B-00C04F79EFBC}") = "Agent", "Agent\Agent.csproj", "{D2C26F1C-ADD4-4DDA-93AF-F3D9FC7C762E}"
EndProject
Global
	GlobalSection(SolutionConfigurationPlatforms) = preSolution
		Debug|Any CPU = Debug|Any CPU
		Release|Any CPU = Release|Any CPU
	EndGlobalSection
	GlobalSection(ProjectConfigurationPlatforms) = postSolution
		{AE1A50D3-C1E4-4325-A647-478BCDFBCE88}.Debug|Any CPU.ActiveCfg = Debug|Any CPU
		{AE1A50D3-C1E4-4325-A647-478BCDFBCE88}.Debug|Any CPU.Build.0 = Debug|Any CPU
		{AE1A50D3-C1E4-4325-A647-478BCDFBCE88}.Release|Any CPU.ActiveCfg = Release|Any CPU
		{AE1A50D3-C1E4-4325-A647-478BCDFBCE88}.Release|Any CPU.Build.0 = Release|Any CPU
		{D363B7B6-C262-4146-B0ED-F01E9C650F8C}.Debug|Any CPU.ActiveCfg = Debug|Any CPU
		{D363B7B6-C262-4146-B0ED-F01E9C650F8C}.Debug|Any CPU.Build.0 = Debug|Any CPU
		{D363B7B6-C262-4146-B0ED-F01E9C650F8C}.Release|Any CPU.ActiveCfg = Release|Any CPU
		{D363B7B6-C262-4146-B0ED-F01E9C650F8C}.Release|Any CPU.Build.0 = Release|Any CPU
		{82C9DF98-D8B6-4941-8396-22B6527042F3}.Debug|Any CPU.ActiveCfg = Debug|Any CPU
		{82C9DF98-D8B6-4941-8396-22B6527042F3}.Debug|Any CPU.Build.0 = Debug|Any CPU
		{82C9DF98-D8B6-4941-8396-22B6527042F3}.Release|Any CPU.ActiveCfg = Release|Any CPU
		{82C9DF98-D8B6-4941-8396-22B6527042F3}.Release|Any CPU.Build.0 = Release|Any CPU
		{86CE2D81-B67D-49C9-A36B-F9F851BB4112}.Debug|Any CPU.ActiveCfg = Debug|Any CPU
		{86CE2D81-B67D-49C9-A36B-F9F851BB4112}.Debug|Any CPU.Build.0 = Debug|Any CPU
		{86CE2D81-B67D-49C9-A36B-F9F851BB4112}.Release|Any CPU.ActiveCfg = Release|Any CPU
		{86CE2D81-B67D-49C9-A36B-F9F851BB4112}.Release|Any CPU.Build.0 = Release|Any CPU
		{62BC1F9E-36E2-45B5-AF46-E329DBC091B9}.Debug|Any CPU.ActiveCfg = Debug|Any CPU
		{62BC1F9E-36E2-45B5-AF46-E329DBC091B9}.Debug|Any CPU.Build.0 = Debug|Any CPU
		{62BC1F9E-36E2-45B5-AF46-E329DBC091B9}.Release|Any CPU.ActiveCfg = Release|Any CPU
		{62BC1F9E-36E2-45B5-AF46-E329DBC091B9}.Release|Any CPU.Build.0 = Release|Any CPU
		{BAD21CFE-6BDF-4AE2-B87C-7B3BBC027AC4}.Debug|Any CPU.ActiveCfg = Debug|Any CPU
		{BAD21CFE-6BDF-4AE2-B87C-7B3BBC027AC4}.Debug|Any CPU.Build.0 = Debug|Any CPU
		{BAD21CFE-6BDF-4AE2-B87C-7B3BBC027AC4}.Release|Any CPU.ActiveCfg = Release|Any CPU
		{BAD21CFE-6BDF-4AE2-B87C-7B3BBC027AC4}.Release|Any CPU.Build.0 = Release|Any CPU
		{C6F56FC9-1E50-4EDC-B89B-2BCEAC3791D4}.Debug|Any CPU.ActiveCfg = Debug|Any CPU
		{C6F56FC9-1E50-4EDC-B89B-2BCEAC3791D4}.Debug|Any CPU.Build.0 = Debug|Any CPU
		{C6F56FC9-1E50-4EDC-B89B-2BCEAC3791D4}.Release|Any CPU.ActiveCfg = Release|Any CPU
		{C6F56FC9-1E50-4EDC-B89B-2BCEAC3791D4}.Release|Any CPU.Build.0 = Release|Any CPU
		{547FE221-FC7B-4DB8-BB81-0546E0DC3D12}.Debug|Any CPU.ActiveCfg = Debug|Any CPU
		{547FE221-FC7B-4DB8-BB81-0546E0DC3D12}.Debug|Any CPU.Build.0 = Debug|Any CPU
		{547FE221-FC7B-4DB8-BB81-0546E0DC3D12}.Release|Any CPU.ActiveCfg = Release|Any CPU
		{547FE221-FC7B-4DB8-BB81-0546E0DC3D12}.Release|Any CPU.Build.0 = Release|Any CPU
		{9CD21514-F5D5-4C34-A77C-2B67DE5F43B6}.Debug|Any CPU.ActiveCfg = Debug|Any CPU
		{9CD21514-F5D5-4C34-A77C-2B67DE5F43B6}.Debug|Any CPU.Build.0 = Debug|Any CPU
		{9CD21514-F5D5-4C34-A77C-2B67DE5F43B6}.Debug|Any CPU.Deploy.0 = Debug|Any CPU
		{9CD21514-F5D5-4C34-A77C-2B67DE5F43B6}.Release|Any CPU.ActiveCfg = Release|Any CPU
		{9CD21514-F5D5-4C34-A77C-2B67DE5F43B6}.Release|Any CPU.Build.0 = Release|Any CPU
		{9CD21514-F5D5-4C34-A77C-2B67DE5F43B6}.Release|Any CPU.Deploy.0 = Release|Any CPU
		{D2C26F1C-ADD4-4DDA-93AF-F3D9FC7C762E}.Debug|Any CPU.ActiveCfg = Debug|Any CPU
		{D2C26F1C-ADD4-4DDA-93AF-F3D9FC7C762E}.Debug|Any CPU.Build.0 = Debug|Any CPU
		{D2C26F1C-ADD4-4DDA-93AF-F3D9FC7C762E}.Release|Any CPU.ActiveCfg = Release|Any CPU
		{D2C26F1C-ADD4-4DDA-93AF-F3D9FC7C762E}.Release|Any CPU.Build.0 = Release|Any CPU
	EndGlobalSection
	GlobalSection(SolutionProperties) = preSolution
		HideSolutionNode = FALSE
	EndGlobalSection
EndGlobal
